
Microsoft Visual Studio Solution File, Format Version 12.00
# Visual Studio Version 17
VisualStudioVersion = 17.10.35013.160
MinimumVisualStudioVersion = 10.0.40219.1
Project("{FAE04EC0-301F-11D3-BF4B-00C04F79EFBC}") = "StockApi", "StockApi.csproj", "{206995DC-AB13-4BF6-8A03-87601D0B17DC}"
EndProject
Global
	GlobalSection(SolutionConfigurationPlatforms) = preSolution
		Debug|Any CPU = Debug|Any CPU
		Release|Any CPU = Release|Any CPU
	EndGlobalSection
	GlobalSection(ProjectConfigurationPlatforms) = postSolution
		{206995DC-AB13-4BF6-8A03-87601D0B17DC}.Debug|Any CPU.ActiveCfg = Debug|Any CPU
		{206995DC-AB13-4BF6-8A03-87601D0B17DC}.Debug|Any CPU.Build.0 = Debug|Any CPU
		{206995DC-AB13-4BF6-8A03-87601D0B17DC}.Release|Any CPU.ActiveCfg = Release|Any CPU
		{206995DC-AB13-4BF6-8A03-87601D0B17DC}.Release|Any CPU.Build.0 = Release|Any CPU
	EndGlobalSection
	GlobalSection(SolutionProperties) = preSolution
		HideSolutionNode = FALSE
	EndGlobalSection
	GlobalSection(ExtensibilityGlobals) = postSolution
		SolutionGuid = {786EFB88-BAFC-4826-92D7-68CE743F16A1}
	EndGlobalSection
EndGlobal
