
Microsoft Visual Studio Solution File, Format Version 12.00
# Visual Studio Version 17
VisualStudioVersion = 17.10.35013.160
MinimumVisualStudioVersion = 10.0.40219.1
Project("{FAE04EC0-301F-11D3-BF4B-00C04F79EFBC}") = "TableComponentFunctionAPI", "TableComponentFunctionAPI.csproj", "{C9C00925-0ACC-45B9-B9B7-D9350490647C}"
EndProject
Global
	GlobalSection(SolutionConfigurationPlatforms) = preSolution
		Debug|Any CPU = Debug|Any CPU
		Release|Any CPU = Release|Any CPU
	EndGlobalSection
	GlobalSection(ProjectConfigurationPlatforms) = postSolution
		{C9C00925-0ACC-45B9-B9B7-D9350490647C}.Debug|Any CPU.ActiveCfg = Debug|Any CPU
		{C9C00925-0ACC-45B9-B9B7-D9350490647C}.Debug|Any CPU.Build.0 = Debug|Any CPU
		{C9C00925-0ACC-45B9-B9B7-D9350490647C}.Release|Any CPU.ActiveCfg = Release|Any CPU
		{C9C00925-0ACC-45B9-B9B7-D9350490647C}.Release|Any CPU.Build.0 = Release|Any CPU
	EndGlobalSection
	GlobalSection(SolutionProperties) = preSolution
		HideSolutionNode = FALSE
	EndGlobalSection
	GlobalSection(ExtensibilityGlobals) = postSolution
		SolutionGuid = {28A5BEC4-92C2-41EC-9108-CEEA5C4D2ECE}
	EndGlobalSection
EndGlobal
