
Microsoft Visual Studio Solution File, Format Version 12.00
# Visual Studio Version 17
VisualStudioVersion = 17.10.35013.160
MinimumVisualStudioVersion = 10.0.40219.1
Project("{FAE04EC0-301F-11D3-BF4B-00C04F79EFBC}") = "blazorFirst", "blazorFirst.csproj", "{780BF834-5DC6-4F16-BAEA-7B1C7A858C60}"
EndProject
Global
	GlobalSection(SolutionConfigurationPlatforms) = preSolution
		Debug|Any CPU = Debug|Any CPU
		Release|Any CPU = Release|Any CPU
	EndGlobalSection
	GlobalSection(ProjectConfigurationPlatforms) = postSolution
		{780BF834-5DC6-4F16-BAEA-7B1C7A858C60}.Debug|Any CPU.ActiveCfg = Debug|Any CPU
		{780BF834-5DC6-4F16-BAEA-7B1C7A858C60}.Debug|Any CPU.Build.0 = Debug|Any CPU
		{780BF834-5DC6-4F16-BAEA-7B1C7A858C60}.Release|Any CPU.ActiveCfg = Release|Any CPU
		{780BF834-5DC6-4F16-BAEA-7B1C7A858C60}.Release|Any CPU.Build.0 = Release|Any CPU
	EndGlobalSection
	GlobalSection(SolutionProperties) = preSolution
		HideSolutionNode = FALSE
	EndGlobalSection
	GlobalSection(ExtensibilityGlobals) = postSolution
		SolutionGuid = {675FD213-F4C2-4987-88CA-43CF601E3CB1}
	EndGlobalSection
EndGlobal
